
Microsoft Visual Studio Solution File, Format Version 12.00
# Visual Studio 2013
VisualStudioVersion = 12.0.30723.0
MinimumVisualStudioVersion = 10.0.40219.1
Project("{FAE04EC0-301F-11D3-BF4B-00C04F79EFBC}") = "FacebookSample", "FacebookSample\FacebookSample\FacebookSample.csproj", "{185A69CA-0B7E-4151-A11D-72112008FDE0}"
EndProject
Project("{FAE04EC0-301F-11D3-BF4B-00C04F79EFBC}") = "FacebookSample.iOS", "FacebookSample\FacebookSample.iOS\FacebookSample.iOS.csproj", "{C344BE8A-D15E-4E47-9252-3C97333AC95D}"
EndProject
Project("{FAE04EC0-301F-11D3-BF4B-00C04F79EFBC}") = "FacebookSample.Android", "FacebookSample\FacebookSample.Android\FacebookSample.Android.csproj", "{CD2D8AD6-5B6B-45E9-82E8-1C6F8BBA3DFE}"
EndProject
Project("{FAE04EC0-301F-11D3-BF4B-00C04F79EFBC}") = "FacebookSample.WinPhone", "FacebookSample\FacebookSample.WinPhone\FacebookSample.WinPhone.csproj", "{AF18D127-B90A-40DA-93D2-6EC55215D48F}"
EndProject
Global
	GlobalSection(SolutionConfigurationPlatforms) = preSolution
		Ad-Hoc|Any CPU = Ad-Hoc|Any CPU
		Ad-Hoc|ARM = Ad-Hoc|ARM
		Ad-Hoc|iPhone = Ad-Hoc|iPhone
		Ad-Hoc|iPhoneSimulator = Ad-Hoc|iPhoneSimulator
		Ad-Hoc|Mixed Platforms = Ad-Hoc|Mixed Platforms
		Ad-Hoc|x86 = Ad-Hoc|x86
		AppStore|Any CPU = AppStore|Any CPU
		AppStore|ARM = AppStore|ARM
		AppStore|iPhone = AppStore|iPhone
		AppStore|iPhoneSimulator = AppStore|iPhoneSimulator
		AppStore|Mixed Platforms = AppStore|Mixed Platforms
		AppStore|x86 = AppStore|x86
		Debug|Any CPU = Debug|Any CPU
		Debug|ARM = Debug|ARM
		Debug|iPhone = Debug|iPhone
		Debug|iPhoneSimulator = Debug|iPhoneSimulator
		Debug|Mixed Platforms = Debug|Mixed Platforms
		Debug|x86 = Debug|x86
		Release|Any CPU = Release|Any CPU
		Release|ARM = Release|ARM
		Release|iPhone = Release|iPhone
		Release|iPhoneSimulator = Release|iPhoneSimulator
		Release|Mixed Platforms = Release|Mixed Platforms
		Release|x86 = Release|x86
	EndGlobalSection
	GlobalSection(ProjectConfigurationPlatforms) = postSolution
		{185A69CA-0B7E-4151-A11D-72112008FDE0}.Ad-Hoc|Any CPU.ActiveCfg = Release|Any CPU
		{185A69CA-0B7E-4151-A11D-72112008FDE0}.Ad-Hoc|Any CPU.Build.0 = Release|Any CPU
		{185A69CA-0B7E-4151-A11D-72112008FDE0}.Ad-Hoc|ARM.ActiveCfg = Release|Any CPU
		{185A69CA-0B7E-4151-A11D-72112008FDE0}.Ad-Hoc|iPhone.ActiveCfg = Release|Any CPU
		{185A69CA-0B7E-4151-A11D-72112008FDE0}.Ad-Hoc|iPhoneSimulator.ActiveCfg = Release|Any CPU
		{185A69CA-0B7E-4151-A11D-72112008FDE0}.Ad-Hoc|Mixed Platforms.ActiveCfg = Release|Any CPU
		{185A69CA-0B7E-4151-A11D-72112008FDE0}.Ad-Hoc|Mixed Platforms.Build.0 = Release|Any CPU
		{185A69CA-0B7E-4151-A11D-72112008FDE0}.Ad-Hoc|x86.ActiveCfg = Release|Any CPU
		{185A69CA-0B7E-4151-A11D-72112008FDE0}.AppStore|Any CPU.ActiveCfg = Release|Any CPU
		{185A69CA-0B7E-4151-A11D-72112008FDE0}.AppStore|Any CPU.Build.0 = Release|Any CPU
		{185A69CA-0B7E-4151-A11D-72112008FDE0}.AppStore|ARM.ActiveCfg = Release|Any CPU
		{185A69CA-0B7E-4151-A11D-72112008FDE0}.AppStore|iPhone.ActiveCfg = Release|Any CPU
		{185A69CA-0B7E-4151-A11D-72112008FDE0}.AppStore|iPhoneSimulator.ActiveCfg = Release|Any CPU
		{185A69CA-0B7E-4151-A11D-72112008FDE0}.AppStore|Mixed Platforms.ActiveCfg = Release|Any CPU
		{185A69CA-0B7E-4151-A11D-72112008FDE0}.AppStore|Mixed Platforms.Build.0 = Release|Any CPU
		{185A69CA-0B7E-4151-A11D-72112008FDE0}.AppStore|x86.ActiveCfg = Release|Any CPU
		{185A69CA-0B7E-4151-A11D-72112008FDE0}.Debug|Any CPU.ActiveCfg = Debug|Any CPU
		{185A69CA-0B7E-4151-A11D-72112008FDE0}.Debug|Any CPU.Build.0 = Debug|Any CPU
		{185A69CA-0B7E-4151-A11D-72112008FDE0}.Debug|ARM.ActiveCfg = Debug|Any CPU
		{185A69CA-0B7E-4151-A11D-72112008FDE0}.Debug|iPhone.ActiveCfg = Debug|Any CPU
		{185A69CA-0B7E-4151-A11D-72112008FDE0}.Debug|iPhoneSimulator.ActiveCfg = Debug|Any CPU
		{185A69CA-0B7E-4151-A11D-72112008FDE0}.Debug|iPhoneSimulator.Build.0 = Debug|Any CPU
		{185A69CA-0B7E-4151-A11D-72112008FDE0}.Debug|Mixed Platforms.ActiveCfg = Debug|Any CPU
		{185A69CA-0B7E-4151-A11D-72112008FDE0}.Debug|Mixed Platforms.Build.0 = Debug|Any CPU
		{185A69CA-0B7E-4151-A11D-72112008FDE0}.Debug|x86.ActiveCfg = Debug|Any CPU
		{185A69CA-0B7E-4151-A11D-72112008FDE0}.Release|Any CPU.ActiveCfg = Release|Any CPU
		{185A69CA-0B7E-4151-A11D-72112008FDE0}.Release|Any CPU.Build.0 = Release|Any CPU
		{185A69CA-0B7E-4151-A11D-72112008FDE0}.Release|ARM.ActiveCfg = Release|Any CPU
		{185A69CA-0B7E-4151-A11D-72112008FDE0}.Release|iPhone.ActiveCfg = Release|Any CPU
		{185A69CA-0B7E-4151-A11D-72112008FDE0}.Release|iPhoneSimulator.ActiveCfg = Release|Any CPU
		{185A69CA-0B7E-4151-A11D-72112008FDE0}.Release|Mixed Platforms.ActiveCfg = Release|Any CPU
		{185A69CA-0B7E-4151-A11D-72112008FDE0}.Release|Mixed Platforms.Build.0 = Release|Any CPU
		{185A69CA-0B7E-4151-A11D-72112008FDE0}.Release|x86.ActiveCfg = Release|Any CPU
		{C344BE8A-D15E-4E47-9252-3C97333AC95D}.Ad-Hoc|Any CPU.ActiveCfg = Ad-Hoc|iPhone
		{C344BE8A-D15E-4E47-9252-3C97333AC95D}.Ad-Hoc|ARM.ActiveCfg = Ad-Hoc|iPhone
		{C344BE8A-D15E-4E47-9252-3C97333AC95D}.Ad-Hoc|iPhone.ActiveCfg = Ad-Hoc|iPhone
		{C344BE8A-D15E-4E47-9252-3C97333AC95D}.Ad-Hoc|iPhone.Build.0 = Ad-Hoc|iPhone
		{C344BE8A-D15E-4E47-9252-3C97333AC95D}.Ad-Hoc|iPhoneSimulator.ActiveCfg = Ad-Hoc|iPhoneSimulator
		{C344BE8A-D15E-4E47-9252-3C97333AC95D}.Ad-Hoc|iPhoneSimulator.Build.0 = Ad-Hoc|iPhoneSimulator
		{C344BE8A-D15E-4E47-9252-3C97333AC95D}.Ad-Hoc|Mixed Platforms.ActiveCfg = Ad-Hoc|iPhone
		{C344BE8A-D15E-4E47-9252-3C97333AC95D}.Ad-Hoc|Mixed Platforms.Build.0 = Ad-Hoc|iPhone
		{C344BE8A-D15E-4E47-9252-3C97333AC95D}.Ad-Hoc|x86.ActiveCfg = Ad-Hoc|iPhone
		{C344BE8A-D15E-4E47-9252-3C97333AC95D}.AppStore|Any CPU.ActiveCfg = AppStore|iPhone
		{C344BE8A-D15E-4E47-9252-3C97333AC95D}.AppStore|ARM.ActiveCfg = AppStore|iPhone
		{C344BE8A-D15E-4E47-9252-3C97333AC95D}.AppStore|iPhone.ActiveCfg = AppStore|iPhone
		{C344BE8A-D15E-4E47-9252-3C97333AC95D}.AppStore|iPhone.Build.0 = AppStore|iPhone
		{C344BE8A-D15E-4E47-9252-3C97333AC95D}.AppStore|iPhoneSimulator.ActiveCfg = AppStore|iPhoneSimulator
		{C344BE8A-D15E-4E47-9252-3C97333AC95D}.AppStore|iPhoneSimulator.Build.0 = AppStore|iPhoneSimulator
		{C344BE8A-D15E-4E47-9252-3C97333AC95D}.AppStore|Mixed Platforms.ActiveCfg = AppStore|iPhone
		{C344BE8A-D15E-4E47-9252-3C97333AC95D}.AppStore|Mixed Platforms.Build.0 = AppStore|iPhone
		{C344BE8A-D15E-4E47-9252-3C97333AC95D}.AppStore|x86.ActiveCfg = AppStore|iPhone
		{C344BE8A-D15E-4E47-9252-3C97333AC95D}.Debug|Any CPU.ActiveCfg = Debug|iPhone
		{C344BE8A-D15E-4E47-9252-3C97333AC95D}.Debug|ARM.ActiveCfg = Debug|iPhone
		{C344BE8A-D15E-4E47-9252-3C97333AC95D}.Debug|iPhone.ActiveCfg = Debug|iPhone
		{C344BE8A-D15E-4E47-9252-3C97333AC95D}.Debug|iPhone.Build.0 = Debug|iPhone
		{C344BE8A-D15E-4E47-9252-3C97333AC95D}.Debug|iPhoneSimulator.ActiveCfg = Debug|iPhoneSimulator
		{C344BE8A-D15E-4E47-9252-3C97333AC95D}.Debug|iPhoneSimulator.Build.0 = Debug|iPhoneSimulator
		{C344BE8A-D15E-4E47-9252-3C97333AC95D}.Debug|Mixed Platforms.ActiveCfg = Debug|iPhone
		{C344BE8A-D15E-4E47-9252-3C97333AC95D}.Debug|Mixed Platforms.Build.0 = Debug|iPhone
		{C344BE8A-D15E-4E47-9252-3C97333AC95D}.Debug|x86.ActiveCfg = Debug|iPhone
		{C344BE8A-D15E-4E47-9252-3C97333AC95D}.Release|Any CPU.ActiveCfg = Release|iPhone
		{C344BE8A-D15E-4E47-9252-3C97333AC95D}.Release|ARM.ActiveCfg = Release|iPhone
		{C344BE8A-D15E-4E47-9252-3C97333AC95D}.Release|iPhone.ActiveCfg = Release|iPhone
		{C344BE8A-D15E-4E47-9252-3C97333AC95D}.Release|iPhone.Build.0 = Release|iPhone
		{C344BE8A-D15E-4E47-9252-3C97333AC95D}.Release|iPhoneSimulator.ActiveCfg = Release|iPhoneSimulator
		{C344BE8A-D15E-4E47-9252-3C97333AC95D}.Release|iPhoneSimulator.Build.0 = Release|iPhoneSimulator
		{C344BE8A-D15E-4E47-9252-3C97333AC95D}.Release|Mixed Platforms.ActiveCfg = Release|iPhone
		{C344BE8A-D15E-4E47-9252-3C97333AC95D}.Release|Mixed Platforms.Build.0 = Release|iPhone
		{C344BE8A-D15E-4E47-9252-3C97333AC95D}.Release|x86.ActiveCfg = Release|iPhone
		{CD2D8AD6-5B6B-45E9-82E8-1C6F8BBA3DFE}.Ad-Hoc|Any CPU.ActiveCfg = Release|Any CPU
		{CD2D8AD6-5B6B-45E9-82E8-1C6F8BBA3DFE}.Ad-Hoc|Any CPU.Build.0 = Release|Any CPU
		{CD2D8AD6-5B6B-45E9-82E8-1C6F8BBA3DFE}.Ad-Hoc|Any CPU.Deploy.0 = Release|Any CPU
		{CD2D8AD6-5B6B-45E9-82E8-1C6F8BBA3DFE}.Ad-Hoc|ARM.ActiveCfg = Release|Any CPU
		{CD2D8AD6-5B6B-45E9-82E8-1C6F8BBA3DFE}.Ad-Hoc|iPhone.ActiveCfg = Release|Any CPU
		{CD2D8AD6-5B6B-45E9-82E8-1C6F8BBA3DFE}.Ad-Hoc|iPhoneSimulator.ActiveCfg = Release|Any CPU
		{CD2D8AD6-5B6B-45E9-82E8-1C6F8BBA3DFE}.Ad-Hoc|Mixed Platforms.ActiveCfg = Release|Any CPU
		{CD2D8AD6-5B6B-45E9-82E8-1C6F8BBA3DFE}.Ad-Hoc|Mixed Platforms.Build.0 = Release|Any CPU
		{CD2D8AD6-5B6B-45E9-82E8-1C6F8BBA3DFE}.Ad-Hoc|Mixed Platforms.Deploy.0 = Release|Any CPU
		{CD2D8AD6-5B6B-45E9-82E8-1C6F8BBA3DFE}.Ad-Hoc|x86.ActiveCfg = Release|Any CPU
		{CD2D8AD6-5B6B-45E9-82E8-1C6F8BBA3DFE}.AppStore|Any CPU.ActiveCfg = Release|Any CPU
		{CD2D8AD6-5B6B-45E9-82E8-1C6F8BBA3DFE}.AppStore|Any CPU.Build.0 = Release|Any CPU
		{CD2D8AD6-5B6B-45E9-82E8-1C6F8BBA3DFE}.AppStore|Any CPU.Deploy.0 = Release|Any CPU
		{CD2D8AD6-5B6B-45E9-82E8-1C6F8BBA3DFE}.AppStore|ARM.ActiveCfg = Release|Any CPU
		{CD2D8AD6-5B6B-45E9-82E8-1C6F8BBA3DFE}.AppStore|iPhone.ActiveCfg = Release|Any CPU
		{CD2D8AD6-5B6B-45E9-82E8-1C6F8BBA3DFE}.AppStore|iPhoneSimulator.ActiveCfg = Release|Any CPU
		{CD2D8AD6-5B6B-45E9-82E8-1C6F8BBA3DFE}.AppStore|Mixed Platforms.ActiveCfg = Release|Any CPU
		{CD2D8AD6-5B6B-45E9-82E8-1C6F8BBA3DFE}.AppStore|Mixed Platforms.Build.0 = Release|Any CPU
		{CD2D8AD6-5B6B-45E9-82E8-1C6F8BBA3DFE}.AppStore|Mixed Platforms.Deploy.0 = Release|Any CPU
		{CD2D8AD6-5B6B-45E9-82E8-1C6F8BBA3DFE}.AppStore|x86.ActiveCfg = Release|Any CPU
		{CD2D8AD6-5B6B-45E9-82E8-1C6F8BBA3DFE}.Debug|Any CPU.ActiveCfg = Debug|Any CPU
		{CD2D8AD6-5B6B-45E9-82E8-1C6F8BBA3DFE}.Debug|Any CPU.Build.0 = Debug|Any CPU
		{CD2D8AD6-5B6B-45E9-82E8-1C6F8BBA3DFE}.Debug|Any CPU.Deploy.0 = Debug|Any CPU
		{CD2D8AD6-5B6B-45E9-82E8-1C6F8BBA3DFE}.Debug|ARM.ActiveCfg = Debug|Any CPU
		{CD2D8AD6-5B6B-45E9-82E8-1C6F8BBA3DFE}.Debug|iPhone.ActiveCfg = Debug|Any CPU
		{CD2D8AD6-5B6B-45E9-82E8-1C6F8BBA3DFE}.Debug|iPhoneSimulator.ActiveCfg = Debug|Any CPU
		{CD2D8AD6-5B6B-45E9-82E8-1C6F8BBA3DFE}.Debug|iPhoneSimulator.Build.0 = Debug|Any CPU
		{CD2D8AD6-5B6B-45E9-82E8-1C6F8BBA3DFE}.Debug|iPhoneSimulator.Deploy.0 = Debug|Any CPU
		{CD2D8AD6-5B6B-45E9-82E8-1C6F8BBA3DFE}.Debug|Mixed Platforms.ActiveCfg = Debug|Any CPU
		{CD2D8AD6-5B6B-45E9-82E8-1C6F8BBA3DFE}.Debug|Mixed Platforms.Build.0 = Debug|Any CPU
		{CD2D8AD6-5B6B-45E9-82E8-1C6F8BBA3DFE}.Debug|Mixed Platforms.Deploy.0 = Debug|Any CPU
		{CD2D8AD6-5B6B-45E9-82E8-1C6F8BBA3DFE}.Debug|x86.ActiveCfg = Debug|Any CPU
		{CD2D8AD6-5B6B-45E9-82E8-1C6F8BBA3DFE}.Release|Any CPU.ActiveCfg = Release|Any CPU
		{CD2D8AD6-5B6B-45E9-82E8-1C6F8BBA3DFE}.Release|Any CPU.Build.0 = Release|Any CPU
		{CD2D8AD6-5B6B-45E9-82E8-1C6F8BBA3DFE}.Release|Any CPU.Deploy.0 = Release|Any CPU
		{CD2D8AD6-5B6B-45E9-82E8-1C6F8BBA3DFE}.Release|ARM.ActiveCfg = Release|Any CPU
		{CD2D8AD6-5B6B-45E9-82E8-1C6F8BBA3DFE}.Release|iPhone.ActiveCfg = Release|Any CPU
		{CD2D8AD6-5B6B-45E9-82E8-1C6F8BBA3DFE}.Release|iPhoneSimulator.ActiveCfg = Release|Any CPU
		{CD2D8AD6-5B6B-45E9-82E8-1C6F8BBA3DFE}.Release|Mixed Platforms.ActiveCfg = Release|Any CPU
		{CD2D8AD6-5B6B-45E9-82E8-1C6F8BBA3DFE}.Release|Mixed Platforms.Build.0 = Release|Any CPU
		{CD2D8AD6-5B6B-45E9-82E8-1C6F8BBA3DFE}.Release|Mixed Platforms.Deploy.0 = Release|Any CPU
		{CD2D8AD6-5B6B-45E9-82E8-1C6F8BBA3DFE}.Release|x86.ActiveCfg = Release|Any CPU
		{AF18D127-B90A-40DA-93D2-6EC55215D48F}.Ad-Hoc|Any CPU.ActiveCfg = Release|Any CPU
		{AF18D127-B90A-40DA-93D2-6EC55215D48F}.Ad-Hoc|Any CPU.Build.0 = Release|Any CPU
		{AF18D127-B90A-40DA-93D2-6EC55215D48F}.Ad-Hoc|Any CPU.Deploy.0 = Release|Any CPU
		{AF18D127-B90A-40DA-93D2-6EC55215D48F}.Ad-Hoc|ARM.ActiveCfg = Release|ARM
		{AF18D127-B90A-40DA-93D2-6EC55215D48F}.Ad-Hoc|ARM.Build.0 = Release|ARM
		{AF18D127-B90A-40DA-93D2-6EC55215D48F}.Ad-Hoc|ARM.Deploy.0 = Release|ARM
		{AF18D127-B90A-40DA-93D2-6EC55215D48F}.Ad-Hoc|iPhone.ActiveCfg = Release|Any CPU
		{AF18D127-B90A-40DA-93D2-6EC55215D48F}.Ad-Hoc|iPhoneSimulator.ActiveCfg = Release|Any CPU
		{AF18D127-B90A-40DA-93D2-6EC55215D48F}.Ad-Hoc|Mixed Platforms.ActiveCfg = Release|x86
		{AF18D127-B90A-40DA-93D2-6EC55215D48F}.Ad-Hoc|Mixed Platforms.Build.0 = Release|x86
		{AF18D127-B90A-40DA-93D2-6EC55215D48F}.Ad-Hoc|Mixed Platforms.Deploy.0 = Release|x86
		{AF18D127-B90A-40DA-93D2-6EC55215D48F}.Ad-Hoc|x86.ActiveCfg = Release|x86
		{AF18D127-B90A-40DA-93D2-6EC55215D48F}.Ad-Hoc|x86.Build.0 = Release|x86
		{AF18D127-B90A-40DA-93D2-6EC55215D48F}.Ad-Hoc|x86.Deploy.0 = Release|x86
		{AF18D127-B90A-40DA-93D2-6EC55215D48F}.AppStore|Any CPU.ActiveCfg = Release|Any CPU
		{AF18D127-B90A-40DA-93D2-6EC55215D48F}.AppStore|Any CPU.Build.0 = Release|Any CPU
		{AF18D127-B90A-40DA-93D2-6EC55215D48F}.AppStore|Any CPU.Deploy.0 = Release|Any CPU
		{AF18D127-B90A-40DA-93D2-6EC55215D48F}.AppStore|ARM.ActiveCfg = Release|ARM
		{AF18D127-B90A-40DA-93D2-6EC55215D48F}.AppStore|ARM.Build.0 = Release|ARM
		{AF18D127-B90A-40DA-93D2-6EC55215D48F}.AppStore|ARM.Deploy.0 = Release|ARM
		{AF18D127-B90A-40DA-93D2-6EC55215D48F}.AppStore|iPhone.ActiveCfg = Release|Any CPU
		{AF18D127-B90A-40DA-93D2-6EC55215D48F}.AppStore|iPhoneSimulator.ActiveCfg = Release|Any CPU
		{AF18D127-B90A-40DA-93D2-6EC55215D48F}.AppStore|Mixed Platforms.ActiveCfg = Release|x86
		{AF18D127-B90A-40DA-93D2-6EC55215D48F}.AppStore|Mixed Platforms.Build.0 = Release|x86
		{AF18D127-B90A-40DA-93D2-6EC55215D48F}.AppStore|Mixed Platforms.Deploy.0 = Release|x86
		{AF18D127-B90A-40DA-93D2-6EC55215D48F}.AppStore|x86.ActiveCfg = Release|x86
		{AF18D127-B90A-40DA-93D2-6EC55215D48F}.AppStore|x86.Build.0 = Release|x86
		{AF18D127-B90A-40DA-93D2-6EC55215D48F}.AppStore|x86.Deploy.0 = Release|x86
		{AF18D127-B90A-40DA-93D2-6EC55215D48F}.Debug|Any CPU.ActiveCfg = Debug|Any CPU
		{AF18D127-B90A-40DA-93D2-6EC55215D48F}.Debug|Any CPU.Build.0 = Debug|Any CPU
		{AF18D127-B90A-40DA-93D2-6EC55215D48F}.Debug|Any CPU.Deploy.0 = Debug|Any CPU
		{AF18D127-B90A-40DA-93D2-6EC55215D48F}.Debug|ARM.ActiveCfg = Debug|ARM
		{AF18D127-B90A-40DA-93D2-6EC55215D48F}.Debug|ARM.Build.0 = Debug|ARM
		{AF18D127-B90A-40DA-93D2-6EC55215D48F}.Debug|ARM.Deploy.0 = Debug|ARM
		{AF18D127-B90A-40DA-93D2-6EC55215D48F}.Debug|iPhone.ActiveCfg = Debug|Any CPU
		{AF18D127-B90A-40DA-93D2-6EC55215D48F}.Debug|iPhoneSimulator.ActiveCfg = Debug|Any CPU
		{AF18D127-B90A-40DA-93D2-6EC55215D48F}.Debug|iPhoneSimulator.Build.0 = Debug|Any CPU
		{AF18D127-B90A-40DA-93D2-6EC55215D48F}.Debug|iPhoneSimulator.Deploy.0 = Debug|Any CPU
		{AF18D127-B90A-40DA-93D2-6EC55215D48F}.Debug|Mixed Platforms.ActiveCfg = Debug|x86
		{AF18D127-B90A-40DA-93D2-6EC55215D48F}.Debug|Mixed Platforms.Build.0 = Debug|x86
		{AF18D127-B90A-40DA-93D2-6EC55215D48F}.Debug|Mixed Platforms.Deploy.0 = Debug|x86
		{AF18D127-B90A-40DA-93D2-6EC55215D48F}.Debug|x86.ActiveCfg = Debug|x86
		{AF18D127-B90A-40DA-93D2-6EC55215D48F}.Debug|x86.Build.0 = Debug|x86
		{AF18D127-B90A-40DA-93D2-6EC55215D48F}.Debug|x86.Deploy.0 = Debug|x86
		{AF18D127-B90A-40DA-93D2-6EC55215D48F}.Release|Any CPU.ActiveCfg = Release|Any CPU
		{AF18D127-B90A-40DA-93D2-6EC55215D48F}.Release|Any CPU.Build.0 = Release|Any CPU
		{AF18D127-B90A-40DA-93D2-6EC55215D48F}.Release|Any CPU.Deploy.0 = Release|Any CPU
		{AF18D127-B90A-40DA-93D2-6EC55215D48F}.Release|ARM.ActiveCfg = Release|ARM
		{AF18D127-B90A-40DA-93D2-6EC55215D48F}.Release|ARM.Build.0 = Release|ARM
		{AF18D127-B90A-40DA-93D2-6EC55215D48F}.Release|ARM.Deploy.0 = Release|ARM
		{AF18D127-B90A-40DA-93D2-6EC55215D48F}.Release|iPhone.ActiveCfg = Release|Any CPU
		{AF18D127-B90A-40DA-93D2-6EC55215D48F}.Release|iPhoneSimulator.ActiveCfg = Release|Any CPU
		{AF18D127-B90A-40DA-93D2-6EC55215D48F}.Release|Mixed Platforms.ActiveCfg = Release|x86
		{AF18D127-B90A-40DA-93D2-6EC55215D48F}.Release|Mixed Platforms.Build.0 = Release|x86
		{AF18D127-B90A-40DA-93D2-6EC55215D48F}.Release|Mixed Platforms.Deploy.0 = Release|x86
		{AF18D127-B90A-40DA-93D2-6EC55215D48F}.Release|x86.ActiveCfg = Release|x86
		{AF18D127-B90A-40DA-93D2-6EC55215D48F}.Release|x86.Build.0 = Release|x86
		{AF18D127-B90A-40DA-93D2-6EC55215D48F}.Release|x86.Deploy.0 = Release|x86
	EndGlobalSection
	GlobalSection(SolutionProperties) = preSolution
		HideSolutionNode = FALSE
	EndGlobalSection
EndGlobal
